<?xml version="1.0" encoding="utf-8"?>
<Project ToolsVersion="4.0" xmlns="http://schemas.microsoft.com/developer/msbuild/2003">
  <ItemGroup>
    <Filter Include="Source Files">
      <UniqueIdentifier>{4FC737F1-C7A5-4376-A066-2A32D752A2FF}</UniqueIdentifier>
      <Extensions>cpp;c;cc;cxx;c++;cppm;ixx;def;odl;idl;hpj;bat;asm;asmx</Extensions>
    </Filter>
    <Filter Include="Header Files">
      <UniqueIdentifier>{93995380-89BD-4b04-88EB-625FBE52EBFB}</UniqueIdentifier>
      <Extensions>h;hh;hpp;hxx;h++;hm;inl;inc;ipp;xsd</Extensions>
    </Filter>
    <Filter Include="Resource Files">
      <UniqueIdentifier>{67DA6AB6-F800-4c08-8B7A-83BB121AAD01}</UniqueIdentifier>
      <Extensions>rc;ico;cur;bmp;dlg;rc2;rct;bin;rgs;gif;jpg;jpeg;jpe;resx;tiff;tif;png;wav;mfcribbon-ms</Extensions>
    </Filter>
    <Filter Include="Header Files\States">
      <UniqueIdentifier>{c1eb3a8e-dfd9-41dd-acb0-d8a82871839f}</UniqueIdentifier>
    </Filter>
    <Filter Include="Source Files\States">
      <UniqueIdentifier>{b5487168-ede3-4f2e-8adb-bb4067556afe}</UniqueIdentifier>
    </Filter>
    <Filter Include="Header Files\GUI">
      <UniqueIdentifier>{406afe8f-7acf-4d65-8370-de3e5a6953eb}</UniqueIdentifier>
    </Filter>
    <Filter Include="Header Files\States\Defenitions">
      <UniqueIdentifier>{2aed6827-3f1d-4762-b58f-e0b628a91ae1}</UniqueIdentifier>
    </Filter>
    <Filter Include="Source Files\GUI">
      <UniqueIdentifier>{a3d0a5ee-3043-4a1e-ab26-a2924ec05a86}</UniqueIdentifier>
    </Filter>
    <Filter Include="Source Files\States\Defenitions">
      <UniqueIdentifier>{86f31b13-74c3-4680-9987-543d828fe958}</UniqueIdentifier>
    </Filter>
    <Filter Include="Header Files\Enums">
      <UniqueIdentifier>{fa32d797-9b26-4de7-bad7-d9d15059f2b0}</UniqueIdentifier>
    </Filter>
    <Filter Include="Header Files\GameObjects">
      <UniqueIdentifier>{72b0b09b-f812-48cc-b0e7-97e222164331}</UniqueIdentifier>
    </Filter>
    <Filter Include="Source Files\GameObjects">
      <UniqueIdentifier>{d51e94a8-40f3-44ae-aee6-cef1b17e1e95}</UniqueIdentifier>
    </Filter>
    <Filter Include="Header Files\Managers">
      <UniqueIdentifier>{455d02c1-a24b-4702-b5a5-cfea3f5d2978}</UniqueIdentifier>
    </Filter>
    <Filter Include="Source Files\Managers">
      <UniqueIdentifier>{f7d8a1ed-e6bb-463c-b35b-20d93669edb0}</UniqueIdentifier>
    </Filter>
    <Filter Include="Source Files\Player">
      <UniqueIdentifier>{25d0783a-4f44-4d25-8a40-152dd2267500}</UniqueIdentifier>
    </Filter>
    <Filter Include="Header Files\DrawableComponents">
      <UniqueIdentifier>{1bea3d0a-a477-4206-bfea-51e69513d606}</UniqueIdentifier>
    </Filter>
    <Filter Include="Header Files\Player">
      <UniqueIdentifier>{df162c19-a88e-408e-8f81-97e9aafad729}</UniqueIdentifier>
    </Filter>
    <Filter Include="Header Files\Managers\Resources">
      <UniqueIdentifier>{5cb46553-fad1-4db4-af84-c9892b8cf2f4}</UniqueIdentifier>
    </Filter>
    <Filter Include="Header Files\Managers\Rendering">
      <UniqueIdentifier>{e8ff973a-1b0a-4ffd-bd94-91ed80602e2c}</UniqueIdentifier>
    </Filter>
    <Filter Include="Header Files\Managers\Game">
      <UniqueIdentifier>{0c54698b-7e1b-426e-9412-4dd902794906}</UniqueIdentifier>
    </Filter>
    <Filter Include="Header Files\Utilities">
      <UniqueIdentifier>{de66f5ce-c042-4a20-ae5f-1d41a68ab214}</UniqueIdentifier>
    </Filter>
    <Filter Include="Source Files\Managers\Game">
      <UniqueIdentifier>{566107a0-4a69-46d9-bc6d-4f214809f247}</UniqueIdentifier>
    </Filter>
    <Filter Include="Source Files\Managers\Rendering">
      <UniqueIdentifier>{10e15b71-7775-4bdc-847f-e094e0272f65}</UniqueIdentifier>
    </Filter>
    <Filter Include="Source Files\Managers\Resources">
      <UniqueIdentifier>{57fa2711-8ba9-46a2-adc2-589fc489142c}</UniqueIdentifier>
    </Filter>
    <Filter Include="Source Files\Utilities">
      <UniqueIdentifier>{f51ad9a2-c183-4712-b609-7cc2c2905a1b}</UniqueIdentifier>
    </Filter>
    <Filter Include="Source Files\DrawableComponents">
      <UniqueIdentifier>{15d902b0-0043-4214-9c11-e7f099e37251}</UniqueIdentifier>
    </Filter>
  </ItemGroup>
  <ItemGroup>
    <ClInclude Include="Client.hpp">
      <Filter>Header Files</Filter>
    </ClInclude>
    <ClInclude Include="ColorJumpClientPCH.hpp">
      <Filter>Header Files</Filter>
    </ClInclude>
    <ClInclude Include="JoinServerState.hpp">
      <Filter>Header Files\States</Filter>
    </ClInclude>
    <ClInclude Include="LobbyState.hpp">
      <Filter>Header Files\States</Filter>
    </ClInclude>
    <ClInclude Include="MenuState.hpp">
      <Filter>Header Files\States</Filter>
    </ClInclude>
    <ClInclude Include="MultiPlayerGameOverState.hpp">
      <Filter>Header Files\States</Filter>
    </ClInclude>
    <ClInclude Include="MultiplayerGameState.hpp">
      <Filter>Header Files\States</Filter>
    </ClInclude>
    <ClInclude Include="SettingsState.hpp">
      <Filter>Header Files\States</Filter>
    </ClInclude>
    <ClInclude Include="TitleState.hpp">
      <Filter>Header Files\States</Filter>
    </ClInclude>
    <ClInclude Include="TutorialState.hpp">
      <Filter>Header Files\States</Filter>
    </ClInclude>
    <ClInclude Include="Component.hpp">
      <Filter>Header Files\GUI</Filter>
    </ClInclude>
    <ClInclude Include="State.hpp">
      <Filter>Header Files\States\Defenitions</Filter>
    </ClInclude>
    <ClInclude Include="StateStack.hpp">
      <Filter>Header Files\States\Defenitions</Filter>
    </ClInclude>
    <ClInclude Include="Button.hpp">
      <Filter>Header Files\GUI</Filter>
    </ClInclude>
    <ClInclude Include="Container.hpp">
      <Filter>Header Files\GUI</Filter>
    </ClInclude>
    <ClInclude Include="Label.hpp">
      <Filter>Header Files\GUI</Filter>
    </ClInclude>
    <ClInclude Include="ButtonType.hpp">
      <Filter>Header Files\Enums</Filter>
    </ClInclude>
    <ClInclude Include="StateID.hpp">
      <Filter>Header Files\Enums</Filter>
    </ClInclude>
    <ClInclude Include="PlayerAction.hpp">
      <Filter>Header Files\Enums</Filter>
    </ClInclude>
    <ClInclude Include="PlatformClient.hpp">
      <Filter>Header Files\GameObjects</Filter>
    </ClInclude>
    <ClInclude Include="PlatformPartClient.hpp">
      <Filter>Header Files\GameObjects</Filter>
    </ClInclude>
    <ClInclude Include="TileClient.hpp">
      <Filter>Header Files\GameObjects</Filter>
    </ClInclude>
    <ClInclude Include="RayGround.hpp">
      <Filter>Header Files\Player</Filter>
    </ClInclude>
    <ClInclude Include="SpriteComponent.hpp">
      <Filter>Header Files\DrawableComponents</Filter>
    </ClInclude>
    <ClInclude Include="TextComponent.hpp">
      <Filter>Header Files\DrawableComponents</Filter>
    </ClInclude>
    <ClInclude Include="DrawableComponent.hpp">
      <Filter>Header Files\DrawableComponents</Filter>
    </ClInclude>
    <ClInclude Include="CharacterClient.hpp">
      <Filter>Header Files\Player</Filter>
    </ClInclude>
    <ClInclude Include="GhostCharacterClient.hpp">
      <Filter>Header Files\Player</Filter>
    </ClInclude>
    <ClInclude Include="Player.hpp">
      <Filter>Header Files\Player</Filter>
    </ClInclude>
    <ClInclude Include="AudioManager.hpp">
      <Filter>Header Files\Managers\Resources</Filter>
    </ClInclude>
    <ClInclude Include="FontManager.hpp">
      <Filter>Header Files\Managers\Resources</Filter>
    </ClInclude>
    <ClInclude Include="TextureManager.hpp">
      <Filter>Header Files\Managers\Resources</Filter>
    </ClInclude>
    <ClInclude Include="RenderManager.hpp">
      <Filter>Header Files\Managers\Rendering</Filter>
    </ClInclude>
    <ClInclude Include="WindowManager.hpp">
      <Filter>Header Files\Managers\Rendering</Filter>
    </ClInclude>
    <ClInclude Include="LevelLoaderClient.hpp">
      <Filter>Header Files\Managers\Game</Filter>
    </ClInclude>
    <ClInclude Include="PlayerDataManager.hpp">
      <Filter>Header Files\Managers\Resources</Filter>
    </ClInclude>
    <ClInclude Include="WorldClient.hpp">
      <Filter>Header Files\Managers\Game</Filter>
    </ClInclude>
    <ClInclude Include="TileFactoryClient.hpp">
      <Filter>Header Files\Managers\Game</Filter>
    </ClInclude>
    <ClInclude Include="StackManager.hpp">
      <Filter>Header Files\Managers\Game</Filter>
    </ClInclude>
    <ClInclude Include="InputManager.hpp">
      <Filter>Header Files\Managers\Game</Filter>
    </ClInclude>
    <ClInclude Include="NetworkManagerClient.hpp">
      <Filter>Header Files\Managers\Game</Filter>
    </ClInclude>
    <ClInclude Include="KeyBinding.hpp">
      <Filter>Header Files\Utilities</Filter>
    </ClInclude>
    <ClInclude Include="Command.hpp">
      <Filter>Header Files\Utilities</Filter>
    </ClInclude>
    <ClInclude Include="CommandQueue.hpp">
      <Filter>Header Files\Utilities</Filter>
    </ClInclude>
    <ClInclude Include="Utility.hpp">
      <Filter>Header Files\Utilities</Filter>
    </ClInclude>
    <ClInclude Include="CollisionHandler.hpp">
      <Filter>Header Files\Utilities</Filter>
    </ClInclude>
  </ItemGroup>
  <ItemGroup>
    <ClCompile Include="Client.cpp">
      <Filter>Source Files</Filter>
    </ClCompile>
    <ClCompile Include="RoboCatClientPCH.cpp">
      <Filter>Source Files</Filter>
    </ClCompile>
    <ClCompile Include="ClientMain.cpp">
      <Filter>Source Files</Filter>
    </ClCompile>
    <ClCompile Include="JoinServerState.cpp">
      <Filter>Source Files\States</Filter>
    </ClCompile>
    <ClCompile Include="LobbyState.cpp">
      <Filter>Source Files\States</Filter>
    </ClCompile>
    <ClCompile Include="MenuState.cpp">
      <Filter>Source Files\States</Filter>
    </ClCompile>
    <ClCompile Include="MultiplayerGameOverState.cpp">
      <Filter>Source Files\States</Filter>
    </ClCompile>
    <ClCompile Include="MultiplayerGameState.cpp">
      <Filter>Source Files\States</Filter>
    </ClCompile>
    <ClCompile Include="SettingsState.cpp">
      <Filter>Source Files\States</Filter>
    </ClCompile>
    <ClCompile Include="TitleState.cpp">
      <Filter>Source Files\States</Filter>
    </ClCompile>
    <ClCompile Include="TutorialState.cpp">
      <Filter>Source Files\States</Filter>
    </ClCompile>
    <ClCompile Include="State.cpp">
      <Filter>Source Files\States\Defenitions</Filter>
    </ClCompile>
    <ClCompile Include="StateStack.cpp">
      <Filter>Source Files\States\Defenitions</Filter>
    </ClCompile>
    <ClCompile Include="Component.cpp">
      <Filter>Source Files\GUI</Filter>
    </ClCompile>
    <ClCompile Include="Button.cpp">
      <Filter>Source Files\GUI</Filter>
    </ClCompile>
    <ClCompile Include="Container.cpp">
      <Filter>Source Files\GUI</Filter>
    </ClCompile>
    <ClCompile Include="Label.cpp">
      <Filter>Source Files\GUI</Filter>
    </ClCompile>
    <ClCompile Include="PlatformClient.cpp">
      <Filter>Source Files\GameObjects</Filter>
    </ClCompile>
    <ClCompile Include="PlatformPartClient.cpp">
      <Filter>Source Files\GameObjects</Filter>
    </ClCompile>
    <ClCompile Include="TileClient.cpp">
      <Filter>Source Files\GameObjects</Filter>
    </ClCompile>
    <ClCompile Include="RayGround.cpp">
      <Filter>Source Files\Player</Filter>
    </ClCompile>
    <ClCompile Include="LevelLoaderClient.cpp">
      <Filter>Source Files\Managers\Game</Filter>
    </ClCompile>
    <ClCompile Include="TileFactoryClient.cpp">
      <Filter>Source Files\Managers\Game</Filter>
    </ClCompile>
    <ClCompile Include="AudioManager.cpp">
      <Filter>Source Files\Managers\Resources</Filter>
    </ClCompile>
    <ClCompile Include="FontManager.cpp">
      <Filter>Source Files\Managers\Resources</Filter>
    </ClCompile>
    <ClCompile Include="WindowManager.cpp">
      <Filter>Source Files\Managers\Rendering</Filter>
    </ClCompile>
    <ClCompile Include="WorldClient.cpp">
      <Filter>Source Files\Managers\Game</Filter>
    </ClCompile>
    <ClCompile Include="CharacterClient.cpp">
      <Filter>Source Files\Player</Filter>
    </ClCompile>
    <ClCompile Include="GhostCharacterClient.cpp">
      <Filter>Source Files\Player</Filter>
    </ClCompile>
    <ClCompile Include="Player.cpp">
      <Filter>Source Files\Player</Filter>
    </ClCompile>
    <ClCompile Include="InputManager.cpp">
      <Filter>Source Files\Managers\Game</Filter>
    </ClCompile>
    <ClCompile Include="StackManager.cpp">
      <Filter>Source Files\Managers\Game</Filter>
    </ClCompile>
    <ClCompile Include="TextureManager.cpp">
      <Filter>Source Files\Managers\Resources</Filter>
    </ClCompile>
    <ClCompile Include="RenderManager.cpp">
      <Filter>Source Files\Managers\Rendering</Filter>
    </ClCompile>
    <ClCompile Include="NetworkManagerClient.cpp">
      <Filter>Source Files\Managers\Game</Filter>
    </ClCompile>
    <ClCompile Include="PlayerDataManager.cpp">
      <Filter>Source Files\Managers\Resources</Filter>
    </ClCompile>
    <ClCompile Include="CollisionHandler.cpp">
      <Filter>Source Files\Utilities</Filter>
    </ClCompile>
    <ClCompile Include="KeyBinding.cpp">
      <Filter>Source Files\Utilities</Filter>
    </ClCompile>
    <ClCompile Include="Utility.cpp">
      <Filter>Source Files\Utilities</Filter>
    </ClCompile>
    <ClCompile Include="Command.cpp">
      <Filter>Source Files\Utilities</Filter>
    </ClCompile>
    <ClCompile Include="CommandQueue.cpp">
      <Filter>Source Files\Utilities</Filter>
    </ClCompile>
    <ClCompile Include="SpriteComponent.cpp">
      <Filter>Source Files\DrawableComponents</Filter>
    </ClCompile>
    <ClCompile Include="DrawableComponent.cpp">
      <Filter>Source Files\DrawableComponents</Filter>
    </ClCompile>
    <ClCompile Include="TextComponent.cpp">
      <Filter>Source Files\DrawableComponents</Filter>
    </ClCompile>
  </ItemGroup>
</Project>